
Microsoft Visual Studio Solution File, Format Version 12.00
# Visual Studio Version 17
VisualStudioVersion = 17.11.35222.181
MinimumVisualStudioVersion = 10.0.40219.1
Project("{FAE04EC0-301F-11D3-BF4B-00C04F79EFBC}") = "INDUENDUM", "INDUENDUM\INDUENDUM.csproj", "{F59733E1-D591-46FD-9023-17C9CEC80BBC}"
EndProject
Global
	GlobalSection(SolutionConfigurationPlatforms) = preSolution
		Debug|Any CPU = Debug|Any CPU
		Release|Any CPU = Release|Any CPU
	EndGlobalSection
	GlobalSection(ProjectConfigurationPlatforms) = postSolution
		{F59733E1-D591-46FD-9023-17C9CEC80BBC}.Debug|Any CPU.ActiveCfg = Debug|Any CPU
		{F59733E1-D591-46FD-9023-17C9CEC80BBC}.Debug|Any CPU.Build.0 = Debug|Any CPU
		{F59733E1-D591-46FD-9023-17C9CEC80BBC}.Release|Any CPU.ActiveCfg = Release|Any CPU
		{F59733E1-D591-46FD-9023-17C9CEC80BBC}.Release|Any CPU.Build.0 = Release|Any CPU
	EndGlobalSection
	GlobalSection(SolutionProperties) = preSolution
		HideSolutionNode = FALSE
	EndGlobalSection
	GlobalSection(ExtensibilityGlobals) = postSolution
		SolutionGuid = {ACC11D6C-F0A4-476B-B86E-C7901D7B0038}
	EndGlobalSection
EndGlobal
